
Microsoft Visual Studio Solution File, Format Version 12.00
# Visual Studio 14
VisualStudioVersion = 14.0.25420.1
MinimumVisualStudioVersion = 10.0.40219.1
Project("{FAE04EC0-301F-11D3-BF4B-00C04F79EFBC}") = "WpfChosenControl", "WpfChosenControl\WpfChosenControl.csproj", "{07DB70C6-E069-4C37-90C1-A4358C4B1FB3}"
EndProject
Project("{FAE04EC0-301F-11D3-BF4B-00C04F79EFBC}") = "wpf-chosen-control-demo", "wpf-chosen-control\wpf-chosen-control-demo.csproj", "{1E3B4F46-2A59-4462-B082-262FBA605E1F}"
EndProject
Global
	GlobalSection(SolutionConfigurationPlatforms) = preSolution
		Debug|Any CPU = Debug|Any CPU
		Release|Any CPU = Release|Any CPU
	EndGlobalSection
	GlobalSection(ProjectConfigurationPlatforms) = postSolution
		{07DB70C6-E069-4C37-90C1-A4358C4B1FB3}.Debug|Any CPU.ActiveCfg = Debug|Any CPU
		{07DB70C6-E069-4C37-90C1-A4358C4B1FB3}.Debug|Any CPU.Build.0 = Debug|Any CPU
		{07DB70C6-E069-4C37-90C1-A4358C4B1FB3}.Release|Any CPU.ActiveCfg = Release|Any CPU
		{07DB70C6-E069-4C37-90C1-A4358C4B1FB3}.Release|Any CPU.Build.0 = Release|Any CPU
		{1E3B4F46-2A59-4462-B082-262FBA605E1F}.Debug|Any CPU.ActiveCfg = Debug|Any CPU
		{1E3B4F46-2A59-4462-B082-262FBA605E1F}.Debug|Any CPU.Build.0 = Debug|Any CPU
		{1E3B4F46-2A59-4462-B082-262FBA605E1F}.Release|Any CPU.ActiveCfg = Release|Any CPU
		{1E3B4F46-2A59-4462-B082-262FBA605E1F}.Release|Any CPU.Build.0 = Release|Any CPU
	EndGlobalSection
	GlobalSection(SolutionProperties) = preSolution
		HideSolutionNode = FALSE
	EndGlobalSection
EndGlobal
